Microsoft Visual Studio Solution File, Format Version 12.00
# Visual Studio Version 17
VisualStudioVersion = 17.5.2.0
MinimumVisualStudioVersion = 10.0.40219.1
Project("{2150E333-8FDC-42A3-9474-1A3956D46DE8}") = "launcher", "launcher", "{740C5202-8AD2-6D86-0CA9-F95B1A2D697C}"
EndProject
Project("{FAE04EC0-301F-11D3-BF4B-00C04F79EFBC}") = "TravelRecordLauncher", "launcher\TravelRecordLauncher\TravelRecordLauncher.csproj", "{420148E5-8D7F-29F8-02D2-8FD332331016}"
EndProject
Global
	GlobalSection(SolutionConfigurationPlatforms) = preSolution
		Debug|Any CPU = Debug|Any CPU
		Release|Any CPU = Release|Any CPU
	EndGlobalSection
	GlobalSection(ProjectConfigurationPlatforms) = postSolution
		{420148E5-8D7F-29F8-02D2-8FD332331016}.Debug|Any CPU.ActiveCfg = Debug|Any CPU
		{420148E5-8D7F-29F8-02D2-8FD332331016}.Debug|Any CPU.Build.0 = Debug|Any CPU
		{420148E5-8D7F-29F8-02D2-8FD332331016}.Release|Any CPU.ActiveCfg = Release|Any CPU
		{420148E5-8D7F-29F8-02D2-8FD332331016}.Release|Any CPU.Build.0 = Release|Any CPU
	EndGlobalSection
	GlobalSection(SolutionProperties) = preSolution
		HideSolutionNode = FALSE
	EndGlobalSection
	GlobalSection(NestedProjects) = preSolution
		{420148E5-8D7F-29F8-02D2-8FD332331016} = {740C5202-8AD2-6D86-0CA9-F95B1A2D697C}
	EndGlobalSection
	GlobalSection(ExtensibilityGlobals) = postSolution
		SolutionGuid = {FC38C623-F656-4BD2-8D2C-933D50A54602}
	EndGlobalSection
EndGlobal
